{
  "version": 4,
  "terraform_version": "1.9.3",
  "serial": 529,
  "lineage": "c01cb8e5-9858-ec6a-05c0-ea0ccf436430",
  "outputs": {
    "private_key": {
      "value": "-----BEGIN RSA PRIVATE KEY-----\nMIIEpAIBAAKCAQEAsL2VjnenXhyVGuCe7VuUnNGHRMRE96ddnN09Zgx+VmoQqKYw\nbpTYFn+sLtEMg/3mq59T7S6xLqLofh+isZWczmkxOD7L8cNyX69QWQGMS1TNWpvJ\nOM9BevWXGFQZ2hlT1PMD8NTNSHg8R+ii+Qo+RH5Yqp4P7id9Ga8tAPj+V5vsJab8\nxz3adAVOGWaTIigBbQHo2fAtj/jgzTXLM4d6PPqk/YAMl9fle7tR9KZ8jCbteNFh\n5+N3zZqjbFq0X4DPX+7sNpdLH9eHWGbcAftjduIDNZMMfC44v1ce90UP4K71ah+1\nuPoVN20GczrBwb42BQcqNS37h5axHG4RrZ+QHQIDAQABAoIBAQCCxVPiXQA2bzmX\n8HlHMIrOWW4X4I0THP/z7/LdDgNwlvwKfSS6vWEBjKfu3/i9tOC3PaVQikrJMfqK\nT4gGk6e5RjYH4tbt5Go9CC+QG8gdePqUv03svdU6UHriol+ac0EHAGR7DklyBJy9\nrBDh6cVW0pFydI9e7FLw7R+EZ7dxRA3cRMWe35SfdxP5My/SqAEf/Tu0mYyEwT67\n3p5nleqgZYTkaBsJpNWkMbwlLEuvltPshXF+wLIGfr7sQm5k95ofsFbynuYPbcYm\n8K9HP8gYS/R1GdlDsHRzDryrS1ZLkBKr21iXUccevBXS7kjm+toEG9GP7UfYg8Q+\nDuo4l3ChAoGBAMA8+9SGOLvRjeRfsdOZvysQ6hKSPB561q3Tib4gAbssY+eoe7EO\nIa03aPiHWnWeM0IRnnlkID33EGf9AUKLE0XgRZ6UfrSj9ED7TgK05+h1JdIwTAai\nJ3x/YBeMIxnsNu5SkC4L7Yf5aXfPC0eCchGB+KmXdBV9oYxAaCM3LzD5AoGBAOtc\nsGfNm4UXIXPe7gSqoDKS5rbn6fHFJdAZHSjGnIk9iUlMT7kSuhfjex6rIaaPq7xn\n75+EMHDLfHuKtdWyYE/Yy4wCORALR9Jo8zS//wmAMijPmyxnXbN2XLiLjZD05QCd\nWsmAHAM3e3azEpWqrM6jePz86HVMxQIiCWzIpoVFAoGAMfWnXOwlAmrLfXaBOITU\ncdTLgFgQ17sE39gCDC81Q/edXy8iNjl99w5XcX97uuWKXLlHfjTPTEtRMDVIhoqu\nT5KhhT0CUN/rMpgdBgcN3hPT6HQ0zeSGboyL5JK+7JW/EODUJ6Nh79yZ1FEylTsJ\nehNVFH4P5SXpPhHe/ofw88ECgYBWe1NygPFBQROQsPyCiHOewa22zZZ/uPJA+clm\nHzyLjSnx3fF5TrFEb9jglv8hZa8z5nj9AySNfae6+WgBIq8TB9UbGAIBrDNy1A9x\ndY7v3cQQjOA2u7CJbdd6FAUrm2C+DhO68LDaWburDPeqOPGQaC7fvspnt5K4Sutt\npnjRhQKBgQCwVKrKil0kzGDZUjkgA1JC//iwDZ+NIkm3pj3vn5pdvhCdz1o/Va7U\nAeyAVAePUMFqagsNQRDLIZjus92aiSWfrUQdmG1tKGStWc8s2ffvqadYd+OpZV+4\nIbUtnIVqPI1+AgxnDo8Keqsm6JqTlbGVej6LryxPOC99DuOjlAB3TA==\n-----END RSA PRIVATE KEY-----\n",
      "type": "string",
      "sensitive": true
    }
  },
  "resources": [
    {
      "mode": "managed",
      "type": "aws_instance",
      "name": "chatapp_server",
      "provider": "provider[\"registry.terraform.io/hashicorp/aws\"]",
      "instances": [
        {
          "schema_version": 1,
          "attributes": {
            "ami": "ami-0ad21ae1d0696ad58",
            "arn": "arn:aws:ec2:ap-south-1:058264108290:instance/i-030c377a0667790f9",
            "associate_public_ip_address": true,
            "availability_zone": "ap-south-1a",
            "capacity_reservation_specification": [
              {
                "capacity_reservation_preference": "open",
                "capacity_reservation_target": []
              }
            ],
            "cpu_core_count": 1,
            "cpu_options": [
              {
                "amd_sev_snp": "",
                "core_count": 1,
                "threads_per_core": 1
              }
            ],
            "cpu_threads_per_core": 1,
            "credit_specification": [
              {
                "cpu_credits": "standard"
              }
            ],
            "disable_api_stop": false,
            "disable_api_termination": false,
            "ebs_block_device": [],
            "ebs_optimized": false,
            "enclave_options": [
              {
                "enabled": false
              }
            ],
            "ephemeral_block_device": [],
            "get_password_data": false,
            "hibernation": false,
            "host_id": "",
            "host_resource_group_arn": null,
            "iam_instance_profile": "",
            "id": "i-030c377a0667790f9",
            "instance_initiated_shutdown_behavior": "stop",
            "instance_lifecycle": "",
            "instance_market_options": [],
            "instance_state": "running",
            "instance_type": "t2.micro",
            "ipv6_address_count": 0,
            "ipv6_addresses": [],
            "key_name": "generated-key-pair",
            "launch_template": [],
            "maintenance_options": [
              {
                "auto_recovery": "default"
              }
            ],
            "metadata_options": [
              {
                "http_endpoint": "enabled",
                "http_protocol_ipv6": "disabled",
                "http_put_response_hop_limit": 2,
                "http_tokens": "required",
                "instance_metadata_tags": "disabled"
              }
            ],
            "monitoring": false,
            "network_interface": [],
            "outpost_arn": "",
            "password_data": "",
            "placement_group": "",
            "placement_partition_number": 0,
            "primary_network_interface_id": "eni-0d7bc95ace6c4427e",
            "private_dns": "ip-10-0-1-219.ap-south-1.compute.internal",
            "private_dns_name_options": [
              {
                "enable_resource_name_dns_a_record": false,
                "enable_resource_name_dns_aaaa_record": false,
                "hostname_type": "ip-name"
              }
            ],
            "private_ip": "10.0.1.219",
            "public_dns": "",
            "public_ip": "52.66.206.224",
            "root_block_device": [
              {
                "delete_on_termination": true,
                "device_name": "/dev/sda1",
                "encrypted": false,
                "iops": 3000,
                "kms_key_id": "",
                "tags": {},
                "tags_all": {},
                "throughput": 125,
                "volume_id": "vol-02ffe07424bfd3f0b",
                "volume_size": 8,
                "volume_type": "gp3"
              }
            ],
            "secondary_private_ips": [],
            "security_groups": [
              "sg-0d0deba3565848abe"
            ],
            "source_dest_check": true,
            "spot_instance_request_id": "",
            "subnet_id": "subnet-0a30bb7b0e58fa780",
            "tags": {
              "Name": "Server-Web"
            },
            "tags_all": {
              "Name": "Server-Web"
            },
            "tenancy": "default",
            "timeouts": null,
            "user_data": null,
            "user_data_base64": null,
            "user_data_replace_on_change": false,
            "volume_tags": null,
            "vpc_security_group_ids": [
              "sg-0d0deba3565848abe"
            ]
          },
          "sensitive_attributes": [],
          "private": "eyJlMmJmYjczMC1lY2FhLTExZTYtOGY4OC0zNDM2M2JjN2M0YzAiOnsiY3JlYXRlIjo2MDAwMDAwMDAwMDAsImRlbGV0ZSI6MTIwMDAwMDAwMDAwMCwicmVhZCI6OTAwMDAwMDAwMDAwLCJ1cGRhdGUiOjYwMDAwMDAwMDAwMH0sInNjaGVtYV92ZXJzaW9uIjoiMSJ9",
          "dependencies": [
            "aws_key_pair.generated_key_pair",
            "aws_security_group.allow_ports",
            "aws_subnet.subnet-chatapp-1",
            "aws_vpc.vpc-chat",
            "local_file.TF_key",
            "tls_private_key.example"
          ]
        }
      ]
    },
    {
      "mode": "managed",
      "type": "aws_internet_gateway",
      "name": "igw-chat",
      "provider": "provider[\"registry.terraform.io/hashicorp/aws\"]",
      "instances": [
        {
          "schema_version": 0,
          "attributes": {
            "arn": "arn:aws:ec2:ap-south-1:058264108290:internet-gateway/igw-01dffb3871ac2b352",
            "id": "igw-01dffb3871ac2b352",
            "owner_id": "058264108290",
            "tags": {
              "Name": "intgateway-chatapp"
            },
            "tags_all": {
              "Name": "intgateway-chatapp"
            },
            "timeouts": null,
            "vpc_id": "vpc-0b8f94540e49524f0"
          },
          "sensitive_attributes": [],
          "private": "eyJlMmJmYjczMC1lY2FhLTExZTYtOGY4OC0zNDM2M2JjN2M0YzAiOnsiY3JlYXRlIjoxMjAwMDAwMDAwMDAwLCJkZWxldGUiOjEyMDAwMDAwMDAwMDAsInVwZGF0ZSI6MTIwMDAwMDAwMDAwMH19",
          "dependencies": [
            "aws_vpc.vpc-chat"
          ]
        }
      ]
    },
    {
      "mode": "managed",
      "type": "aws_key_pair",
      "name": "generated_key_pair",
      "provider": "provider[\"registry.terraform.io/hashicorp/aws\"]",
      "instances": [
        {
          "schema_version": 1,
          "attributes": {
            "arn": "arn:aws:ec2:ap-south-1:058264108290:key-pair/generated-key-pair",
            "fingerprint": "36:a0:a8:e9:c5:87:44:99:53:7f:52:8a:8a:cd:eb:5f",
            "id": "generated-key-pair",
            "key_name": "generated-key-pair",
            "key_name_prefix": "",
            "key_pair_id": "key-0a945328de9d2cb30",
            "key_type": "rsa",
            "public_key": "ssh-rsa AAAAB3NzaC1yc2EAAAADAQABAAABAQCwvZWOd6deHJUa4J7tW5Sc0YdExET3p12c3T1mDH5WahCopjBulNgWf6wu0QyD/earn1PtLrEuouh+H6KxlZzOaTE4Psvxw3Jfr1BZAYxLVM1am8k4z0F69ZcYVBnaGVPU8wPw1M1IeDxH6KL5Cj5Efliqng/uJ30Zry0A+P5Xm+wlpvzHPdp0BU4ZZpMiKAFtAejZ8C2P+ODNNcszh3o8+qT9gAyX1+V7u1H0pnyMJu140WHn43fNmqNsWrRfgM9f7uw2l0sf14dYZtwB+2N24gM1kwx8Lji/Vx73RQ/grvVqH7W4+hU3bQZzOsHBvjYFByo1LfuHlrEcbhGtn5Ad",
            "tags": null,
            "tags_all": {}
          },
          "sensitive_attributes": [],
          "private": "eyJzY2hlbWFfdmVyc2lvbiI6IjEifQ==",
          "dependencies": [
            "tls_private_key.example"
          ]
        }
      ]
    },
    {
      "mode": "managed",
      "type": "aws_main_route_table_association",
      "name": "mainrt-chatapp",
      "provider": "provider[\"registry.terraform.io/hashicorp/aws\"]",
      "instances": [
        {
          "schema_version": 0,
          "attributes": {
            "id": "rtbassoc-036e2ccb245f21bf1",
            "original_route_table_id": "rtb-03de82bc6018b9ada",
            "route_table_id": "rtb-08224f7b90b85e010",
            "timeouts": null,
            "vpc_id": "vpc-0b8f94540e49524f0"
          },
          "sensitive_attributes": [],
          "private": "eyJlMmJmYjczMC1lY2FhLTExZTYtOGY4OC0zNDM2M2JjN2M0YzAiOnsiY3JlYXRlIjozMDAwMDAwMDAwMDAsImRlbGV0ZSI6MzAwMDAwMDAwMDAwLCJ1cGRhdGUiOjEyMDAwMDAwMDAwMH19",
          "dependencies": [
            "aws_internet_gateway.igw-chat",
            "aws_route_table.route-chatapp",
            "aws_vpc.vpc-chat"
          ]
        }
      ]
    },
    {
      "mode": "managed",
      "type": "aws_route_table",
      "name": "route-chatapp",
      "provider": "provider[\"registry.terraform.io/hashicorp/aws\"]",
      "instances": [
        {
          "schema_version": 0,
          "attributes": {
            "arn": "arn:aws:ec2:ap-south-1:058264108290:route-table/rtb-08224f7b90b85e010",
            "id": "rtb-08224f7b90b85e010",
            "owner_id": "058264108290",
            "propagating_vgws": [],
            "route": [
              {
                "carrier_gateway_id": "",
                "cidr_block": "0.0.0.0/0",
                "core_network_arn": "",
                "destination_prefix_list_id": "",
                "egress_only_gateway_id": "",
                "gateway_id": "igw-01dffb3871ac2b352",
                "ipv6_cidr_block": "",
                "local_gateway_id": "",
                "nat_gateway_id": "",
                "network_interface_id": "",
                "transit_gateway_id": "",
                "vpc_endpoint_id": "",
                "vpc_peering_connection_id": ""
              }
            ],
            "tags": {
              "Name": "route_table_chatapp"
            },
            "tags_all": {
              "Name": "route_table_chatapp"
            },
            "timeouts": null,
            "vpc_id": "vpc-0b8f94540e49524f0"
          },
          "sensitive_attributes": [],
          "private": "eyJlMmJmYjczMC1lY2FhLTExZTYtOGY4OC0zNDM2M2JjN2M0YzAiOnsiY3JlYXRlIjozMDAwMDAwMDAwMDAsImRlbGV0ZSI6MzAwMDAwMDAwMDAwLCJ1cGRhdGUiOjEyMDAwMDAwMDAwMH19",
          "dependencies": [
            "aws_internet_gateway.igw-chat",
            "aws_vpc.vpc-chat"
          ]
        }
      ]
    },
    {
      "mode": "managed",
      "type": "aws_security_group",
      "name": "allow_ports",
      "provider": "provider[\"registry.terraform.io/hashicorp/aws\"]",
      "instances": [
        {
          "schema_version": 1,
          "attributes": {
            "arn": "arn:aws:ec2:ap-south-1:058264108290:security-group/sg-0d0deba3565848abe",
            "description": "Managed by Terraform",
            "egress": [
              {
                "cidr_blocks": [
                  "0.0.0.0/0"
                ],
                "description": "",
                "from_port": 0,
                "ipv6_cidr_blocks": [
                  "::/0"
                ],
                "prefix_list_ids": [],
                "protocol": "-1",
                "security_groups": [],
                "self": false,
                "to_port": 0
              }
            ],
            "id": "sg-0d0deba3565848abe",
            "ingress": [
              {
                "cidr_blocks": [
                  "0.0.0.0/0"
                ],
                "description": "Docker Compose Port",
                "from_port": 12345,
                "ipv6_cidr_blocks": [],
                "prefix_list_ids": [],
                "protocol": "tcp",
                "security_groups": [],
                "self": false,
                "to_port": 12345
              },
              {
                "cidr_blocks": [
                  "0.0.0.0/0"
                ],
                "description": "HTTP FROM VPC",
                "from_port": 80,
                "ipv6_cidr_blocks": [],
                "prefix_list_ids": [],
                "protocol": "tcp",
                "security_groups": [],
                "self": false,
                "to_port": 80
              },
              {
                "cidr_blocks": [
                  "0.0.0.0/0"
                ],
                "description": "HTTPS FROM VPC",
                "from_port": 443,
                "ipv6_cidr_blocks": [],
                "prefix_list_ids": [],
                "protocol": "tcp",
                "security_groups": [],
                "self": false,
                "to_port": 443
              },
              {
                "cidr_blocks": [
                  "0.0.0.0/0"
                ],
                "description": "SSH FROM VPC",
                "from_port": 22,
                "ipv6_cidr_blocks": [],
                "prefix_list_ids": [],
                "protocol": "tcp",
                "security_groups": [],
                "self": false,
                "to_port": 22
              }
            ],
            "name": "terraform-20240809045538119300000001",
            "name_prefix": "terraform-",
            "owner_id": "058264108290",
            "revoke_rules_on_delete": false,
            "tags": {
              "Name": "allow web"
            },
            "tags_all": {
              "Name": "allow web"
            },
            "timeouts": null,
            "vpc_id": "vpc-0b8f94540e49524f0"
          },
          "sensitive_attributes": [],
          "private": "eyJlMmJmYjczMC1lY2FhLTExZTYtOGY4OC0zNDM2M2JjN2M0YzAiOnsiY3JlYXRlIjo2MDAwMDAwMDAwMDAsImRlbGV0ZSI6OTAwMDAwMDAwMDAwfSwic2NoZW1hX3ZlcnNpb24iOiIxIn0=",
          "dependencies": [
            "aws_vpc.vpc-chat"
          ]
        }
      ]
    },
    {
      "mode": "managed",
      "type": "aws_subnet",
      "name": "subnet-chatapp-1",
      "provider": "provider[\"registry.terraform.io/hashicorp/aws\"]",
      "instances": [
        {
          "schema_version": 1,
          "attributes": {
            "arn": "arn:aws:ec2:ap-south-1:058264108290:subnet/subnet-0a30bb7b0e58fa780",
            "assign_ipv6_address_on_creation": false,
            "availability_zone": "ap-south-1a",
            "availability_zone_id": "aps1-az1",
            "cidr_block": "10.0.1.0/24",
            "customer_owned_ipv4_pool": "",
            "enable_dns64": false,
            "enable_lni_at_device_index": 0,
            "enable_resource_name_dns_a_record_on_launch": false,
            "enable_resource_name_dns_aaaa_record_on_launch": false,
            "id": "subnet-0a30bb7b0e58fa780",
            "ipv6_cidr_block": "",
            "ipv6_cidr_block_association_id": "",
            "ipv6_native": false,
            "map_customer_owned_ip_on_launch": false,
            "map_public_ip_on_launch": true,
            "outpost_arn": "",
            "owner_id": "058264108290",
            "private_dns_hostname_type_on_launch": "ip-name",
            "tags": {
              "Name": "subnet-chatapp"
            },
            "tags_all": {
              "Name": "subnet-chatapp"
            },
            "timeouts": null,
            "vpc_id": "vpc-0b8f94540e49524f0"
          },
          "sensitive_attributes": [],
          "private": "eyJlMmJmYjczMC1lY2FhLTExZTYtOGY4OC0zNDM2M2JjN2M0YzAiOnsiY3JlYXRlIjo2MDAwMDAwMDAwMDAsImRlbGV0ZSI6MTIwMDAwMDAwMDAwMH0sInNjaGVtYV92ZXJzaW9uIjoiMSJ9",
          "dependencies": [
            "aws_vpc.vpc-chat"
          ]
        }
      ]
    },
    {
      "mode": "managed",
      "type": "aws_vpc",
      "name": "vpc-chat",
      "provider": "provider[\"registry.terraform.io/hashicorp/aws\"]",
      "instances": [
        {
          "schema_version": 1,
          "attributes": {
            "arn": "arn:aws:ec2:ap-south-1:058264108290:vpc/vpc-0b8f94540e49524f0",
            "assign_generated_ipv6_cidr_block": false,
            "cidr_block": "10.0.0.0/16",
            "default_network_acl_id": "acl-0977fbc17b6d02548",
            "default_route_table_id": "rtb-03de82bc6018b9ada",
            "default_security_group_id": "sg-0717f8f855255bc3c",
            "dhcp_options_id": "dopt-07960e4961cb3989c",
            "enable_dns_hostnames": false,
            "enable_dns_support": true,
            "enable_network_address_usage_metrics": false,
            "id": "vpc-0b8f94540e49524f0",
            "instance_tenancy": "default",
            "ipv4_ipam_pool_id": null,
            "ipv4_netmask_length": null,
            "ipv6_association_id": "",
            "ipv6_cidr_block": "",
            "ipv6_cidr_block_network_border_group": "",
            "ipv6_ipam_pool_id": "",
            "ipv6_netmask_length": 0,
            "main_route_table_id": "rtb-03de82bc6018b9ada",
            "owner_id": "058264108290",
            "tags": null,
            "tags_all": {}
          },
          "sensitive_attributes": [],
          "private": "eyJzY2hlbWFfdmVyc2lvbiI6IjEifQ=="
        }
      ]
    },
    {
      "mode": "managed",
      "type": "local_file",
      "name": "TF_key",
      "provider": "provider[\"registry.terraform.io/hashicorp/local\"]",
      "instances": [
        {
          "schema_version": 0,
          "attributes": {
            "content": "-----BEGIN RSA PRIVATE KEY-----\nMIIEpAIBAAKCAQEAsL2VjnenXhyVGuCe7VuUnNGHRMRE96ddnN09Zgx+VmoQqKYw\nbpTYFn+sLtEMg/3mq59T7S6xLqLofh+isZWczmkxOD7L8cNyX69QWQGMS1TNWpvJ\nOM9BevWXGFQZ2hlT1PMD8NTNSHg8R+ii+Qo+RH5Yqp4P7id9Ga8tAPj+V5vsJab8\nxz3adAVOGWaTIigBbQHo2fAtj/jgzTXLM4d6PPqk/YAMl9fle7tR9KZ8jCbteNFh\n5+N3zZqjbFq0X4DPX+7sNpdLH9eHWGbcAftjduIDNZMMfC44v1ce90UP4K71ah+1\nuPoVN20GczrBwb42BQcqNS37h5axHG4RrZ+QHQIDAQABAoIBAQCCxVPiXQA2bzmX\n8HlHMIrOWW4X4I0THP/z7/LdDgNwlvwKfSS6vWEBjKfu3/i9tOC3PaVQikrJMfqK\nT4gGk6e5RjYH4tbt5Go9CC+QG8gdePqUv03svdU6UHriol+ac0EHAGR7DklyBJy9\nrBDh6cVW0pFydI9e7FLw7R+EZ7dxRA3cRMWe35SfdxP5My/SqAEf/Tu0mYyEwT67\n3p5nleqgZYTkaBsJpNWkMbwlLEuvltPshXF+wLIGfr7sQm5k95ofsFbynuYPbcYm\n8K9HP8gYS/R1GdlDsHRzDryrS1ZLkBKr21iXUccevBXS7kjm+toEG9GP7UfYg8Q+\nDuo4l3ChAoGBAMA8+9SGOLvRjeRfsdOZvysQ6hKSPB561q3Tib4gAbssY+eoe7EO\nIa03aPiHWnWeM0IRnnlkID33EGf9AUKLE0XgRZ6UfrSj9ED7TgK05+h1JdIwTAai\nJ3x/YBeMIxnsNu5SkC4L7Yf5aXfPC0eCchGB+KmXdBV9oYxAaCM3LzD5AoGBAOtc\nsGfNm4UXIXPe7gSqoDKS5rbn6fHFJdAZHSjGnIk9iUlMT7kSuhfjex6rIaaPq7xn\n75+EMHDLfHuKtdWyYE/Yy4wCORALR9Jo8zS//wmAMijPmyxnXbN2XLiLjZD05QCd\nWsmAHAM3e3azEpWqrM6jePz86HVMxQIiCWzIpoVFAoGAMfWnXOwlAmrLfXaBOITU\ncdTLgFgQ17sE39gCDC81Q/edXy8iNjl99w5XcX97uuWKXLlHfjTPTEtRMDVIhoqu\nT5KhhT0CUN/rMpgdBgcN3hPT6HQ0zeSGboyL5JK+7JW/EODUJ6Nh79yZ1FEylTsJ\nehNVFH4P5SXpPhHe/ofw88ECgYBWe1NygPFBQROQsPyCiHOewa22zZZ/uPJA+clm\nHzyLjSnx3fF5TrFEb9jglv8hZa8z5nj9AySNfae6+WgBIq8TB9UbGAIBrDNy1A9x\ndY7v3cQQjOA2u7CJbdd6FAUrm2C+DhO68LDaWburDPeqOPGQaC7fvspnt5K4Sutt\npnjRhQKBgQCwVKrKil0kzGDZUjkgA1JC//iwDZ+NIkm3pj3vn5pdvhCdz1o/Va7U\nAeyAVAePUMFqagsNQRDLIZjus92aiSWfrUQdmG1tKGStWc8s2ffvqadYd+OpZV+4\nIbUtnIVqPI1+AgxnDo8Keqsm6JqTlbGVej6LryxPOC99DuOjlAB3TA==\n-----END RSA PRIVATE KEY-----\n",
            "content_base64": null,
            "content_base64sha256": "BP+7pEVLediR39zuNMyUgQolM3hY0hvH8AcqPtJcCE4=",
            "content_base64sha512": "LJ6K7IPRQJW/kxqLuE+nR30yC+5bbd0eGCmmAm2pxqRA4W0/15GKcVw50/6tQYeFQlj2R1irQ/jl23VXbyzqXA==",
            "content_md5": "3af8f1e2a0aa4b789132104a395adae8",
            "content_sha1": "18a963ea8c0bf897909b24a39f1b138cb6bab931",
            "content_sha256": "04ffbba4454b79d891dfdcee34cc94810a25337858d21bc7f0072a3ed25c084e",
            "content_sha512": "2c9e8aec83d14095bf931a8bb84fa7477d320bee5b6ddd1e1829a6026da9c6a440e16d3fd7918a715c39d3fead4187854258f64758ab43f8e5db75576f2cea5c",
            "directory_permission": "0777",
            "file_permission": "0777",
            "filename": "./generated-key.pem",
            "id": "18a963ea8c0bf897909b24a39f1b138cb6bab931",
            "sensitive_content": null,
            "source": null
          },
          "sensitive_attributes": [
            [
              {
                "type": "get_attr",
                "value": "sensitive_content"
              }
            ],
            [
              {
                "type": "get_attr",
                "value": "content"
              }
            ]
          ],
          "dependencies": [
            "tls_private_key.example"
          ]
        }
      ]
    },
    {
      "mode": "managed",
      "type": "tls_private_key",
      "name": "example",
      "provider": "provider[\"registry.terraform.io/hashicorp/tls\"]",
      "instances": [
        {
          "schema_version": 1,
          "attributes": {
            "algorithm": "RSA",
            "ecdsa_curve": "P224",
            "id": "6ac37c135fddbc3e097af88a9c4672fceaf36f27",
            "private_key_openssh": "-----BEGIN OPENSSH PRIVATE KEY-----\nb3BlbnNzaC1rZXktdjEAAAAABG5vbmUAAAAEbm9uZQAAAAAAAAABAAABFwAAAAdz\nc2gtcnNhAAAAAwEAAQAAAQEAsL2VjnenXhyVGuCe7VuUnNGHRMRE96ddnN09Zgx+\nVmoQqKYwbpTYFn+sLtEMg/3mq59T7S6xLqLofh+isZWczmkxOD7L8cNyX69QWQGM\nS1TNWpvJOM9BevWXGFQZ2hlT1PMD8NTNSHg8R+ii+Qo+RH5Yqp4P7id9Ga8tAPj+\nV5vsJab8xz3adAVOGWaTIigBbQHo2fAtj/jgzTXLM4d6PPqk/YAMl9fle7tR9KZ8\njCbteNFh5+N3zZqjbFq0X4DPX+7sNpdLH9eHWGbcAftjduIDNZMMfC44v1ce90UP\n4K71ah+1uPoVN20GczrBwb42BQcqNS37h5axHG4RrZ+QHQAAA7jkZVe85GVXvAAA\nAAdzc2gtcnNhAAABAQCwvZWOd6deHJUa4J7tW5Sc0YdExET3p12c3T1mDH5WahCo\npjBulNgWf6wu0QyD/earn1PtLrEuouh+H6KxlZzOaTE4Psvxw3Jfr1BZAYxLVM1a\nm8k4z0F69ZcYVBnaGVPU8wPw1M1IeDxH6KL5Cj5Efliqng/uJ30Zry0A+P5Xm+wl\npvzHPdp0BU4ZZpMiKAFtAejZ8C2P+ODNNcszh3o8+qT9gAyX1+V7u1H0pnyMJu14\n0WHn43fNmqNsWrRfgM9f7uw2l0sf14dYZtwB+2N24gM1kwx8Lji/Vx73RQ/grvVq\nH7W4+hU3bQZzOsHBvjYFByo1LfuHlrEcbhGtn5AdAAAAAwEAAQAAAQEAgsVT4l0A\nNm85l/B5RzCKzlluF+CNExz/8+/y3Q4DcJb8Cn0kur1hAYyn7t/4vbTgtz2lUIpK\nyTH6ik+IBpOnuUY2B+LW7eRqPQgvkBvIHXj6lL9N7L3VOlB64qJfmnNBBwBkew5J\ncgScvawQ4enFVtKRcnSPXuxS8O0fhGe3cUQN3ETFnt+Un3cT+TMv0qgBH/07tJmM\nhME+u96eZ5XqoGWE5GgbCaTVpDG8JSxLr5bT7IVxfsCyBn6+7EJuZPeaH7BW8p7m\nD23GJvCvRz/IGEv0dRnZQ7B0cw68q0tWS5ASq9tYl1HHHrwV0u5I5vraBBvRj+1H\n2IPEPg7qOJdwoQAAAIEAsFSqyopdJMxg2VI5IANSQv/4sA2fjSJJt6Y975+aXb4Q\nnc9aP1Wu1AHsgFQHj1DBamoLDUEQyyGY7rPdmokln61EHZhtbShkrVnPLNn376mn\nWHfjqWVfuCG1LZyFajyNfgIMZw6PCnqrJuiak5WxlXo+i68sTzgvfQ7jo5QAd0wA\nAACBAMA8+9SGOLvRjeRfsdOZvysQ6hKSPB561q3Tib4gAbssY+eoe7EOIa03aPiH\nWnWeM0IRnnlkID33EGf9AUKLE0XgRZ6UfrSj9ED7TgK05+h1JdIwTAaiJ3x/YBeM\nIxnsNu5SkC4L7Yf5aXfPC0eCchGB+KmXdBV9oYxAaCM3LzD5AAAAgQDrXLBnzZuF\nFyFz3u4EqqAykua25+nxxSXQGR0oxpyJPYlJTE+5EroX43seqyGmj6u8Z++fhDBw\ny3x7irXVsmBP2MuMAjkQC0fSaPM0v/8JgDIoz5ssZ12zdly4i42Q9OUAnVrJgBwD\nN3t2sxKVqqzOo3j8/Oh1TMUCIglsyKaFRQAAAAAB\n-----END OPENSSH PRIVATE KEY-----\n",
            "private_key_pem": "-----BEGIN RSA PRIVATE KEY-----\nMIIEpAIBAAKCAQEAsL2VjnenXhyVGuCe7VuUnNGHRMRE96ddnN09Zgx+VmoQqKYw\nbpTYFn+sLtEMg/3mq59T7S6xLqLofh+isZWczmkxOD7L8cNyX69QWQGMS1TNWpvJ\nOM9BevWXGFQZ2hlT1PMD8NTNSHg8R+ii+Qo+RH5Yqp4P7id9Ga8tAPj+V5vsJab8\nxz3adAVOGWaTIigBbQHo2fAtj/jgzTXLM4d6PPqk/YAMl9fle7tR9KZ8jCbteNFh\n5+N3zZqjbFq0X4DPX+7sNpdLH9eHWGbcAftjduIDNZMMfC44v1ce90UP4K71ah+1\nuPoVN20GczrBwb42BQcqNS37h5axHG4RrZ+QHQIDAQABAoIBAQCCxVPiXQA2bzmX\n8HlHMIrOWW4X4I0THP/z7/LdDgNwlvwKfSS6vWEBjKfu3/i9tOC3PaVQikrJMfqK\nT4gGk6e5RjYH4tbt5Go9CC+QG8gdePqUv03svdU6UHriol+ac0EHAGR7DklyBJy9\nrBDh6cVW0pFydI9e7FLw7R+EZ7dxRA3cRMWe35SfdxP5My/SqAEf/Tu0mYyEwT67\n3p5nleqgZYTkaBsJpNWkMbwlLEuvltPshXF+wLIGfr7sQm5k95ofsFbynuYPbcYm\n8K9HP8gYS/R1GdlDsHRzDryrS1ZLkBKr21iXUccevBXS7kjm+toEG9GP7UfYg8Q+\nDuo4l3ChAoGBAMA8+9SGOLvRjeRfsdOZvysQ6hKSPB561q3Tib4gAbssY+eoe7EO\nIa03aPiHWnWeM0IRnnlkID33EGf9AUKLE0XgRZ6UfrSj9ED7TgK05+h1JdIwTAai\nJ3x/YBeMIxnsNu5SkC4L7Yf5aXfPC0eCchGB+KmXdBV9oYxAaCM3LzD5AoGBAOtc\nsGfNm4UXIXPe7gSqoDKS5rbn6fHFJdAZHSjGnIk9iUlMT7kSuhfjex6rIaaPq7xn\n75+EMHDLfHuKtdWyYE/Yy4wCORALR9Jo8zS//wmAMijPmyxnXbN2XLiLjZD05QCd\nWsmAHAM3e3azEpWqrM6jePz86HVMxQIiCWzIpoVFAoGAMfWnXOwlAmrLfXaBOITU\ncdTLgFgQ17sE39gCDC81Q/edXy8iNjl99w5XcX97uuWKXLlHfjTPTEtRMDVIhoqu\nT5KhhT0CUN/rMpgdBgcN3hPT6HQ0zeSGboyL5JK+7JW/EODUJ6Nh79yZ1FEylTsJ\nehNVFH4P5SXpPhHe/ofw88ECgYBWe1NygPFBQROQsPyCiHOewa22zZZ/uPJA+clm\nHzyLjSnx3fF5TrFEb9jglv8hZa8z5nj9AySNfae6+WgBIq8TB9UbGAIBrDNy1A9x\ndY7v3cQQjOA2u7CJbdd6FAUrm2C+DhO68LDaWburDPeqOPGQaC7fvspnt5K4Sutt\npnjRhQKBgQCwVKrKil0kzGDZUjkgA1JC//iwDZ+NIkm3pj3vn5pdvhCdz1o/Va7U\nAeyAVAePUMFqagsNQRDLIZjus92aiSWfrUQdmG1tKGStWc8s2ffvqadYd+OpZV+4\nIbUtnIVqPI1+AgxnDo8Keqsm6JqTlbGVej6LryxPOC99DuOjlAB3TA==\n-----END RSA PRIVATE KEY-----\n",
            "private_key_pem_pkcs8": "-----BEGIN PRIVATE KEY-----\nMIIEvgIBADANBgkqhkiG9w0BAQEFAASCBKgwggSkAgEAAoIBAQCwvZWOd6deHJUa\n4J7tW5Sc0YdExET3p12c3T1mDH5WahCopjBulNgWf6wu0QyD/earn1PtLrEuouh+\nH6KxlZzOaTE4Psvxw3Jfr1BZAYxLVM1am8k4z0F69ZcYVBnaGVPU8wPw1M1IeDxH\n6KL5Cj5Efliqng/uJ30Zry0A+P5Xm+wlpvzHPdp0BU4ZZpMiKAFtAejZ8C2P+ODN\nNcszh3o8+qT9gAyX1+V7u1H0pnyMJu140WHn43fNmqNsWrRfgM9f7uw2l0sf14dY\nZtwB+2N24gM1kwx8Lji/Vx73RQ/grvVqH7W4+hU3bQZzOsHBvjYFByo1LfuHlrEc\nbhGtn5AdAgMBAAECggEBAILFU+JdADZvOZfweUcwis5ZbhfgjRMc//Pv8t0OA3CW\n/Ap9JLq9YQGMp+7f+L204Lc9pVCKSskx+opPiAaTp7lGNgfi1u3kaj0IL5AbyB14\n+pS/Tey91TpQeuKiX5pzQQcAZHsOSXIEnL2sEOHpxVbSkXJ0j17sUvDtH4Rnt3FE\nDdxExZ7flJ93E/kzL9KoAR/9O7SZjITBPrvenmeV6qBlhORoGwmk1aQxvCUsS6+W\n0+yFcX7AsgZ+vuxCbmT3mh+wVvKe5g9txibwr0c/yBhL9HUZ2UOwdHMOvKtLVkuQ\nEqvbWJdRxx68FdLuSOb62gQb0Y/tR9iDxD4O6jiXcKECgYEAwDz71IY4u9GN5F+x\n05m/KxDqEpI8HnrWrdOJviABuyxj56h7sQ4hrTdo+IdadZ4zQhGeeWQgPfcQZ/0B\nQosTReBFnpR+tKP0QPtOArTn6HUl0jBMBqInfH9gF4wjGew27lKQLgvth/lpd88L\nR4JyEYH4qZd0FX2hjEBoIzcvMPkCgYEA61ywZ82bhRchc97uBKqgMpLmtufp8cUl\n0BkdKMaciT2JSUxPuRK6F+N7Hqshpo+rvGfvn4QwcMt8e4q11bJgT9jLjAI5EAtH\n0mjzNL//CYAyKM+bLGdds3ZcuIuNkPTlAJ1ayYAcAzd7drMSlaqszqN4/PzodUzF\nAiIJbMimhUUCgYAx9adc7CUCast9doE4hNRx1MuAWBDXuwTf2AIMLzVD951fLyI2\nOX33Dldxf3u65YpcuUd+NM9MS1EwNUiGiq5PkqGFPQJQ3+symB0GBw3eE9PodDTN\n5IZujIvkkr7slb8Q4NQno2Hv3JnUUTKVOwl6E1UUfg/lJek+Ed7+h/DzwQKBgFZ7\nU3KA8UFBE5Cw/IKIc57BrbbNln+48kD5yWYfPIuNKfHd8XlOsURv2OCW/yFlrzPm\neP0DJI19p7r5aAEirxMH1RsYAgGsM3LUD3F1ju/dxBCM4Da7sIlt13oUBSubYL4O\nE7rwsNpZu6sM96o48ZBoLt++yme3krhK622meNGFAoGBALBUqsqKXSTMYNlSOSAD\nUkL/+LANn40iSbemPe+fml2+EJ3PWj9VrtQB7IBUB49QwWpqCw1BEMshmO6z3ZqJ\nJZ+tRB2YbW0oZK1ZzyzZ9++pp1h346llX7ghtS2chWo8jX4CDGcOjwp6qybompOV\nsZV6PouvLE84L30O46OUAHdM\n-----END PRIVATE KEY-----\n",
            "public_key_fingerprint_md5": "71:5f:fa:0d:ec:3f:f1:c6:9b:ae:67:4d:0b:88:8b:e2",
            "public_key_fingerprint_sha256": "SHA256:OsJEu07VzVI0xOYrU89MfSaK/TnOHSd5viKdU8ndovo",
            "public_key_openssh": "ssh-rsa AAAAB3NzaC1yc2EAAAADAQABAAABAQCwvZWOd6deHJUa4J7tW5Sc0YdExET3p12c3T1mDH5WahCopjBulNgWf6wu0QyD/earn1PtLrEuouh+H6KxlZzOaTE4Psvxw3Jfr1BZAYxLVM1am8k4z0F69ZcYVBnaGVPU8wPw1M1IeDxH6KL5Cj5Efliqng/uJ30Zry0A+P5Xm+wlpvzHPdp0BU4ZZpMiKAFtAejZ8C2P+ODNNcszh3o8+qT9gAyX1+V7u1H0pnyMJu140WHn43fNmqNsWrRfgM9f7uw2l0sf14dYZtwB+2N24gM1kwx8Lji/Vx73RQ/grvVqH7W4+hU3bQZzOsHBvjYFByo1LfuHlrEcbhGtn5Ad\n",
            "public_key_pem": "-----BEGIN PUBLIC KEY-----\nMIIBIjANBgkqhkiG9w0BAQEFAAOCAQ8AMIIBCgKCAQEAsL2VjnenXhyVGuCe7VuU\nnNGHRMRE96ddnN09Zgx+VmoQqKYwbpTYFn+sLtEMg/3mq59T7S6xLqLofh+isZWc\nzmkxOD7L8cNyX69QWQGMS1TNWpvJOM9BevWXGFQZ2hlT1PMD8NTNSHg8R+ii+Qo+\nRH5Yqp4P7id9Ga8tAPj+V5vsJab8xz3adAVOGWaTIigBbQHo2fAtj/jgzTXLM4d6\nPPqk/YAMl9fle7tR9KZ8jCbteNFh5+N3zZqjbFq0X4DPX+7sNpdLH9eHWGbcAftj\nduIDNZMMfC44v1ce90UP4K71ah+1uPoVN20GczrBwb42BQcqNS37h5axHG4RrZ+Q\nHQIDAQAB\n-----END PUBLIC KEY-----\n",
            "rsa_bits": 2048
          },
          "sensitive_attributes": [
            [
              {
                "type": "get_attr",
                "value": "private_key_pem_pkcs8"
              }
            ],
            [
              {
                "type": "get_attr",
                "value": "private_key_openssh"
              }
            ],
            [
              {
                "type": "get_attr",
                "value": "private_key_pem"
              }
            ]
          ]
        }
      ]
    }
  ],
  "check_results": null
}
